// !$*UTF8*$!
{
	archiveVersion = 1;
	classes = {
	};
	objectVersion = 48;
	objects = {

/* Begin PBXBuildFile section */
		C36287461F0E084800B6598D /* AppDelegate.swift in Sources */ = {isa = PBXBuildFile; fileRef = C36287451F0E084800B6598D /* AppDelegate.swift */; };
		C362874A1F0E084800B6598D /* ViewController.swift in Sources */ = {isa = PBXBuildFile; fileRef = C36287491F0E084800B6598D /* ViewController.swift */; };
		C362874D1F0E084800B6598D /* Main.storyboard in Resources */ = {isa = PBXBuildFile; fileRef = C362874B1F0E084800B6598D /* Main.storyboard */; };
		C362874F1F0E084800B6598D /* Assets.xcassets in Resources */ = {isa = PBXBuildFile; fileRef = C362874E1F0E084800B6598D /* Assets.xcassets */; };
		C36287521F0E084800B6598D /* LaunchScreen.storyboard in Resources */ = {isa = PBXBuildFile; fileRef = C36287501F0E084800B6598D /* LaunchScreen.storyboard */; };
		C3BD6FB21F13470E0042479D /* Utilities.swift in Sources */ = {isa = PBXBuildFile; fileRef = C3BD6FB11F1346820042479D /* Utilities.swift */; };
		C3D4C4531F174B29001116AC /* FocusSquare.swift in Sources */ = {isa = PBXBuildFile; fileRef = C3D4C4521F174A97001116AC /* FocusSquare.swift */; };
/* End PBXBuildFile section */

/* Begin PBXFileReference section */
		C36287421F0E084800B6598D /* ARBarChart.app */ = {isa = PBXFileReference; explicitFileType = wrapper.application; includeInIndex = 0; path = ARBarChart.app; sourceTree = BUILT_PRODUCTS_DIR; };
		C36287451F0E084800B6598D /* AppDelegate.swift */ = {isa = PBXFileReference; lastKnownFileType = sourcecode.swift; path = AppDelegate.swift; sourceTree = "<group>"; };
		C36287491F0E084800B6598D /* ViewController.swift */ = {isa = PBXFileReference; lastKnownFileType = sourcecode.swift; path = ViewController.swift; sourceTree = "<group>"; };
		C362874C1F0E084800B6598D /* Base */ = {isa = PBXFileReference; lastKnownFileType = file.storyboard; name = Base; path = Base.lproj/Main.storyboard; sourceTree = "<group>"; };
		C362874E1F0E084800B6598D /* Assets.xcassets */ = {isa = PBXFileReference; lastKnownFileType = folder.assetcatalog; path = Assets.xcassets; sourceTree = "<group>"; };
		C36287511F0E084800B6598D /* Base */ = {isa = PBXFileReference; lastKnownFileType = file.storyboard; name = Base; path = Base.lproj/LaunchScreen.storyboard; sourceTree = "<group>"; };
		C36287531F0E084800B6598D /* Info.plist */ = {isa = PBXFileReference; lastKnownFileType = text.plist.xml; path = Info.plist; sourceTree = "<group>"; };
		C3BD6FB11F1346820042479D /* Utilities.swift */ = {isa = PBXFileReference; lastKnownFileType = sourcecode.swift; path = Utilities.swift; sourceTree = "<group>"; };
		C3D4C4521F174A97001116AC /* FocusSquare.swift */ = {isa = PBXFileReference; lastKnownFileType = sourcecode.swift; path = FocusSquare.swift; sourceTree = "<group>"; };
/* End PBXFileReference section */

/* Begin PBXFrameworksBuildPhase section */
		C362873F1F0E084800B6598D /* Frameworks */ = {
			isa = PBXFrameworksBuildPhase;
			buildActionMask = 2147483647;
			files = (
			);
			runOnlyForDeploymentPostprocessing = 0;
		};
/* End PBXFrameworksBuildPhase section */

/* Begin PBXGroup section */
		C36287391F0E084800B6598D = {
			isa = PBXGroup;
			children = (
				C36287441F0E084800B6598D /* ARBarChart */,
				C36287431F0E084800B6598D /* Products */,
			);
			sourceTree = "<group>";
		};
		C36287431F0E084800B6598D /* Products */ = {
			isa = PBXGroup;
			children = (
				C36287421F0E084800B6598D /* ARBarChart.app */,
			);
			name = Products;
			sourceTree = "<group>";
		};
		C36287441F0E084800B6598D /* ARBarChart */ = {
			isa = PBXGroup;
			children = (
				C36287451F0E084800B6598D /* AppDelegate.swift */,
				C36287491F0E084800B6598D /* ViewController.swift */,
				C362874B1F0E084800B6598D /* Main.storyboard */,
				C3BD6FB11F1346820042479D /* Utilities.swift */,
				C3D4C4521F174A97001116AC /* FocusSquare.swift */,
				C362874E1F0E084800B6598D /* Assets.xcassets */,
				C36287501F0E084800B6598D /* LaunchScreen.storyboard */,
				C36287531F0E084800B6598D /* Info.plist */,
			);
			path = ARBarChart;
			sourceTree = "<group>";
		};
/* End PBXGroup section */

/* Begin PBXNativeTarget section */
		C36287411F0E084800B6598D /* ARBarChart */ = {
			isa = PBXNativeTarget;
			buildConfigurationList = C36287561F0E084800B6598D /* Build configuration list for PBXNativeTarget "ARBarChart" */;
			buildPhases = (
				C362873E1F0E084800B6598D /* Sources */,
				C362873F1F0E084800B6598D /* Frameworks */,
				C36287401F0E084800B6598D /* Resources */,
			);
			buildRules = (
			);
			dependencies = (
			);
			name = ARBarChart;
			productName = ARBarChart;
			productReference = C36287421F0E084800B6598D /* ARBarChart.app */;
			productType = "com.apple.product-type.application";
		};
/* End PBXNativeTarget section */

/* Begin PBXProject section */
		C362873A1F0E084800B6598D /* Project object */ = {
			isa = PBXProject;
			attributes = {
				LastSwiftUpdateCheck = 0900;
				LastUpgradeCheck = 0900;
				ORGANIZATIONNAME = "Boris Emorine";
				TargetAttributes = {
					C36287411F0E084800B6598D = {
						CreatedOnToolsVersion = 9.0;
					};
				};
			};
			buildConfigurationList = C362873D1F0E084800B6598D /* Build configuration list for PBXProject "ARBarChart" */;
			compatibilityVersion = "Xcode 8.0";
			developmentRegion = en;
			hasScannedForEncodings = 0;
			knownRegions = (
				en,
				Base,
			);
			mainGroup = C36287391F0E084800B6598D;
			productRefGroup = C36287431F0E084800B6598D /* Products */;
			projectDirPath = "";
			projectRoot = "";
			targets = (
				C36287411F0E084800B6598D /* ARBarChart */,
			);
		};
/* End PBXProject section */

/* Begin PBXResourcesBuildPhase section */
		C36287401F0E084800B6598D /* Resources */ = {
			isa = PBXResourcesBuildPhase;
			buildActionMask = 2147483647;
			files = (
				C36287521F0E084800B6598D /* LaunchScreen.storyboard in Resources */,
				C362874F1F0E084800B6598D /* Assets.xcassets in Resources */,
				C362874D1F0E084800B6598D /* Main.storyboard in Resources */,
			);
			runOnlyForDeploymentPostprocessing = 0;
		};
/* End PBXResourcesBuildPhase section */

/* Begin PBXSourcesBuildPhase section */
		C362873E1F0E084800B6598D /* Sources */ = {
			isa = PBXSourcesBuildPhase;
			buildActionMask = 2147483647;
			files = (
				C3BD6FB21F13470E0042479D /* Utilities.swift in Sources */,
				C3D4C4531F174B29001116AC /* FocusSquare.swift in Sources */,
				C362874A1F0E084800B6598D /* ViewController.swift in Sources */,
				C36287461F0E084800B6598D /* AppDelegate.swift in Sources */,
			);
			runOnlyForDeploymentPostprocessing = 0;
		};
/* End PBXSourcesBuildPhase section */

/* Begin PBXVariantGroup section */
		C362874B1F0E084800B6598D /* Main.storyboard */ = {
			isa = PBXVariantGroup;
			children = (
				C362874C1F0E084800B6598D /* Base */,
			);
			name = Main.storyboard;
			sourceTree = "<group>";
		};
		C36287501F0E084800B6598D /* LaunchScreen.storyboard */ = {
			isa = PBXVariantGroup;
			children = (
				C36287511F0E084800B6598D /* Base */,
			);
			name = LaunchScreen.storyboard;
			sourceTree = "<group>";
		};
/* End PBXVariantGroup section */

/* Begin XCBuildConfiguration section */
		C36287541F0E084800B6598D /* Debug */ = {
			isa = XCBuildConfiguration;
			buildSettings = {
				ALWAYS_SEARCH_USER_PATHS = NO;
				CLANG_ANALYZER_NONNULL = YES;
				CLANG_ANALYZER_NUMBER_OBJECT_CONVERSION = YES_AGGRESSIVE;
				CLANG_CXX_LANGUAGE_STANDARD = "gnu++14";
				CLANG_CXX_LIBRARY = "libc++";
				CLANG_ENABLE_MODULES = YES;
				CLANG_ENABLE_OBJC_ARC = YES;
				CLANG_WARN_BLOCK_CAPTURE_AUTORELEASING = YES;
				CLANG_WARN_BOOL_CONVERSION = YES;
				CLANG_WARN_COMMA = YES;
				CLANG_WARN_CONSTANT_CONVERSION = YES;
				CLANG_WARN_DIRECT_OBJC_ISA_USAGE = YES_ERROR;
				CLANG_WARN_DOCUMENTATION_COMMENTS = YES;
				CLANG_WARN_EMPTY_BODY = YES;
				CLANG_WARN_ENUM_CONVERSION = YES;
				CLANG_WARN_INFINITE_RECURSION = YES;
				CLANG_WARN_INT_CONVERSION = YES;
				CLANG_WARN_OBJC_ROOT_CLASS = YES_ERROR;
				CLANG_WARN_RANGE_LOOP_ANALYSIS = YES;
				CLANG_WARN_STRICT_PROTOTYPES = YES;
				CLANG_WARN_SUSPICIOUS_MOVE = YES;
				CLANG_WARN_UNGUARDED_AVAILABILITY = YES_AGGRESSIVE;
				CLANG_WARN_UNREACHABLE_CODE = YES;
				CLANG_WARN__DUPLICATE_METHOD_MATCH = YES;
				CODE_SIGN_IDENTITY = "iPhone Developer";
				COPY_PHASE_STRIP = NO;
				DEBUG_INFORMATION_FORMAT = dwarf;
				DEVELOPMENT_TEAM = 67V847367C;
				ENABLE_STRICT_OBJC_MSGSEND = YES;
				ENABLE_TESTABILITY = YES;
				GCC_C_LANGUAGE_STANDARD = gnu11;
				GCC_DYNAMIC_NO_PIC = NO;
				GCC_NO_COMMON_BLOCKS = YES;
				GCC_OPTIMIZATION_LEVEL = 0;
				GCC_PREPROCESSOR_DEFINITIONS = (
					"DEBUG=1",
					"$(inherited)",
				);
				GCC_WARN_64_TO_32_BIT_CONVERSION = YES;
				GCC_WARN_ABOUT_RETURN_TYPE = YES_ERROR;
				GCC_WARN_UNDECLARED_SELECTOR = YES;
				GCC_WARN_UNINITIALIZED_AUTOS = YES_AGGRESSIVE;
				GCC_WARN_UNUSED_FUNCTION = YES;
				GCC_WARN_UNUSED_VARIABLE = YES;
				IPHONEOS_DEPLOYMENT_TARGET = 11.0;
				MTL_ENABLE_DEBUG_INFO = YES;
				ONLY_ACTIVE_ARCH = YES;
				SDKROOT = iphoneos;
				SWIFT_ACTIVE_COMPILATION_CONDITIONS = DEBUG;
				SWIFT_OPTIMIZATION_LEVEL = "-Onone";
			};
			name = Debug;
		};
		C36287551F0E084800B6598D /* Release */ = {
			isa = XCBuildConfiguration;
			buildSettings = {
				ALWAYS_SEARCH_USER_PATHS = NO;
				CLANG_ANALYZER_NONNULL = YES;
				CLANG_ANALYZER_NUMBER_OBJECT_CONVERSION = YES_AGGRESSIVE;
				CLANG_CXX_LANGUAGE_STANDARD = "gnu++14";
				CLANG_CXX_LIBRARY = "libc++";
				CLANG_ENABLE_MODULES = YES;
				CLANG_ENABLE_OBJC_ARC = YES;
				CLANG_WARN_BLOCK_CAPTURE_AUTORELEASING = YES;
				CLANG_WARN_BOOL_CONVERSION = YES;
				CLANG_WARN_COMMA = YES;
				CLANG_WARN_CONSTANT_CONVERSION = YES;
				CLANG_WARN_DIRECT_OBJC_ISA_USAGE = YES_ERROR;
				CLANG_WARN_DOCUMENTATION_COMMENTS = YES;
				CLANG_WARN_EMPTY_BODY = YES;
				CLANG_WARN_ENUM_CONVERSION = YES;
				CLANG_WARN_INFINITE_RECURSION = YES;
				CLANG_WARN_INT_CONVERSION = YES;
				CLANG_WARN_OBJC_ROOT_CLASS = YES_ERROR;
				CLANG_WARN_RANGE_LOOP_ANALYSIS = YES;
				CLANG_WARN_STRICT_PROTOTYPES = YES;
				CLANG_WARN_SUSPICIOUS_MOVE = YES;
				CLANG_WARN_UNGUARDED_AVAILABILITY = YES_AGGRESSIVE;
				CLANG_WARN_UNREACHABLE_CODE = YES;
				CLANG_WARN__DUPLICATE_METHOD_MATCH = YES;
				CODE_SIGN_IDENTITY = "iPhone Developer";
				COPY_PHASE_STRIP = NO;
				DEBUG_INFORMATION_FORMAT = "dwarf-with-dsym";
				DEVELOPMENT_TEAM = 67V847367C;
				ENABLE_NS_ASSERTIONS = NO;
				ENABLE_STRICT_OBJC_MSGSEND = YES;
				GCC_C_LANGUAGE_STANDARD = gnu11;
				GCC_NO_COMMON_BLOCKS = YES;
				GCC_WARN_64_TO_32_BIT_CONVERSION = YES;
				GCC_WARN_ABOUT_RETURN_TYPE = YES_ERROR;
				GCC_WARN_UNDECLARED_SELECTOR = YES;
				GCC_WARN_UNINITIALIZED_AUTOS = YES_AGGRESSIVE;
				GCC_WARN_UNUSED_FUNCTION = YES;
				GCC_WARN_UNUSED_VARIABLE = YES;
				IPHONEOS_DEPLOYMENT_TARGET = 11.0;
				MTL_ENABLE_DEBUG_INFO = NO;
				SDKROOT = iphoneos;
				SWIFT_OPTIMIZATION_LEVEL = "-Owholemodule";
				VALIDATE_PRODUCT = YES;
			};
			name = Release;
		};
		C36287571F0E084800B6598D /* Debug */ = {
			isa = XCBuildConfiguration;
			buildSettings = {
				ASSETCATALOG_COMPILER_APPICON_NAME = AppIcon;
				DEVELOPMENT_TEAM = 67V847367C;
				INFOPLIST_FILE = ARBarChart/Info.plist;
				LD_RUNPATH_SEARCH_PATHS = "$(inherited) @executable_path/Frameworks";
				PRODUCT_BUNDLE_IDENTIFIER = BEM.ARBarChart;
				PRODUCT_NAME = "$(TARGET_NAME)";
				PROVISIONING_PROFILE = "6288405e-6a4b-4e21-b635-694242ea8c39";
				PROVISIONING_PROFILE_SPECIFIER = Wildcard;
				SWIFT_VERSION = 4.0;
				TARGETED_DEVICE_FAMILY = "1,2";
			};
			name = Debug;
		};
		C36287581F0E084800B6598D /* Release */ = {
			isa = XCBuildConfiguration;
			buildSettings = {
				ASSETCATALOG_COMPILER_APPICON_NAME = AppIcon;
				DEVELOPMENT_TEAM = 67V847367C;
				INFOPLIST_FILE = ARBarChart/Info.plist;
				LD_RUNPATH_SEARCH_PATHS = "$(inherited) @executable_path/Frameworks";
				PRODUCT_BUNDLE_IDENTIFIER = BEM.ARBarChart;
				PRODUCT_NAME = "$(TARGET_NAME)";
				PROVISIONING_PROFILE = "6288405e-6a4b-4e21-b635-694242ea8c39";
				PROVISIONING_PROFILE_SPECIFIER = Wildcard;
				SWIFT_VERSION = 4.0;
				TARGETED_DEVICE_FAMILY = "1,2";
			};
			name = Release;
		};
/* End XCBuildConfiguration section */

/* Begin XCConfigurationList section */
		C362873D1F0E084800B6598D /* Build configuration list for PBXProject "ARBarChart" */ = {
			isa = XCConfigurationList;
			buildConfigurations = (
				C36287541F0E084800B6598D /* Debug */,
				C36287551F0E084800B6598D /* Release */,
			);
			defaultConfigurationIsVisible = 0;
			defaultConfigurationName = Release;
		};
		C36287561F0E084800B6598D /* Build configuration list for PBXNativeTarget "ARBarChart" */ = {
			isa = XCConfigurationList;
			buildConfigurations = (
				C36287571F0E084800B6598D /* Debug */,
				C36287581F0E084800B6598D /* Release */,
			);
			defaultConfigurationIsVisible = 0;
			defaultConfigurationName = Release;
		};
/* End XCConfigurationList section */
	};
	rootObject = C362873A1F0E084800B6598D /* Project object */;
}
